
Microsoft Visual Studio Solution File, Format Version 12.00
# Visual Studio Version 17
VisualStudioVersion = 17.7.34018.315
MinimumVisualStudioVersion = 10.0.40219.1
Project("{FAE04EC0-301F-11D3-BF4B-00C04F79EFBC}") = "Inlämningsuppgifter4._2", "Inlämningsuppgifter4._2.csproj", "{A10628E6-AB96-4203-94E2-4D1E34C32A60}"
EndProject
Global
	GlobalSection(SolutionConfigurationPlatforms) = preSolution
		Debug|Any CPU = Debug|Any CPU
		Release|Any CPU = Release|Any CPU
	EndGlobalSection
	GlobalSection(ProjectConfigurationPlatforms) = postSolution
		{A10628E6-AB96-4203-94E2-4D1E34C32A60}.Debug|Any CPU.ActiveCfg = Debug|Any CPU
		{A10628E6-AB96-4203-94E2-4D1E34C32A60}.Debug|Any CPU.Build.0 = Debug|Any CPU
		{A10628E6-AB96-4203-94E2-4D1E34C32A60}.Release|Any CPU.ActiveCfg = Release|Any CPU
		{A10628E6-AB96-4203-94E2-4D1E34C32A60}.Release|Any CPU.Build.0 = Release|Any CPU
	EndGlobalSection
	GlobalSection(SolutionProperties) = preSolution
		HideSolutionNode = FALSE
	EndGlobalSection
	GlobalSection(ExtensibilityGlobals) = postSolution
		SolutionGuid = {6AA3C102-DDB3-40FB-882F-6E552B069DFD}
	EndGlobalSection
EndGlobal
